// !$*UTF8*$!
{
	archiveVersion = 1;
	classes = {
	};
	objectVersion = 46;
	objects = {

/* Begin PBXBuildFile section */
		5D23FADF1D05BDE300B0DB25 /* main.m in Sources */ = {isa = PBXBuildFile; fileRef = 5D23FADE1D05BDE300B0DB25 /* main.m */; };
		5D23FAE71D05BECB00B0DB25 /* Professor.m in Sources */ = {isa = PBXBuildFile; fileRef = 5D23FAE61D05BECB00B0DB25 /* Professor.m */; };
		5D23FAEA1D05BF8800B0DB25 /* MathProfessor.m in Sources */ = {isa = PBXBuildFile; fileRef = 5D23FAE91D05BF8800B0DB25 /* MathProfessor.m */; };
		5D23FAED1D05C1A600B0DB25 /* EnglishProfessor.m in Sources */ = {isa = PBXBuildFile; fileRef = 5D23FAEC1D05C1A600B0DB25 /* EnglishProfessor.m */; };
		5D23FAF01D05C1F100B0DB25 /* PhysicsProfessor.m in Sources */ = {isa = PBXBuildFile; fileRef = 5D23FAEF1D05C1F100B0DB25 /* PhysicsProfessor.m */; };
/* End PBXBuildFile section */

/* Begin PBXCopyFilesBuildPhase section */
		5D23FAD91D05BDE300B0DB25 /* CopyFiles */ = {
			isa = PBXCopyFilesBuildPhase;
			buildActionMask = 2147483647;
			dstPath = /usr/share/man/man1/;
			dstSubfolderSpec = 0;
			files = (
			);
			runOnlyForDeploymentPostprocessing = 1;
		};
/* End PBXCopyFilesBuildPhase section */

/* Begin PBXFileReference section */
		5D23FADB1D05BDE300B0DB25 /* ObjectOrientedP */ = {isa = PBXFileReference; explicitFileType = "compiled.mach-o.executable"; includeInIndex = 0; path = ObjectOrientedP; sourceTree = BUILT_PRODUCTS_DIR; };
		5D23FADE1D05BDE300B0DB25 /* main.m */ = {isa = PBXFileReference; lastKnownFileType = sourcecode.c.objc; path = main.m; sourceTree = "<group>"; };
		5D23FAE51D05BECB00B0DB25 /* Professor.h */ = {isa = PBXFileReference; fileEncoding = 4; lastKnownFileType = sourcecode.c.h; path = Professor.h; sourceTree = "<group>"; };
		5D23FAE61D05BECB00B0DB25 /* Professor.m */ = {isa = PBXFileReference; fileEncoding = 4; lastKnownFileType = sourcecode.c.objc; path = Professor.m; sourceTree = "<group>"; };
		5D23FAE81D05BF8800B0DB25 /* MathProfessor.h */ = {isa = PBXFileReference; fileEncoding = 4; lastKnownFileType = sourcecode.c.h; path = MathProfessor.h; sourceTree = "<group>"; };
		5D23FAE91D05BF8800B0DB25 /* MathProfessor.m */ = {isa = PBXFileReference; fileEncoding = 4; lastKnownFileType = sourcecode.c.objc; path = MathProfessor.m; sourceTree = "<group>"; };
		5D23FAEB1D05C1A600B0DB25 /* EnglishProfessor.h */ = {isa = PBXFileReference; fileEncoding = 4; lastKnownFileType = sourcecode.c.h; path = EnglishProfessor.h; sourceTree = "<group>"; };
		5D23FAEC1D05C1A600B0DB25 /* EnglishProfessor.m */ = {isa = PBXFileReference; fileEncoding = 4; lastKnownFileType = sourcecode.c.objc; path = EnglishProfessor.m; sourceTree = "<group>"; };
		5D23FAEE1D05C1F100B0DB25 /* PhysicsProfessor.h */ = {isa = PBXFileReference; fileEncoding = 4; lastKnownFileType = sourcecode.c.h; path = PhysicsProfessor.h; sourceTree = "<group>"; };
		5D23FAEF1D05C1F100B0DB25 /* PhysicsProfessor.m */ = {isa = PBXFileReference; fileEncoding = 4; lastKnownFileType = sourcecode.c.objc; path = PhysicsProfessor.m; sourceTree = "<group>"; };
/* End PBXFileReference section */

/* Begin PBXFrameworksBuildPhase section */
		5D23FAD81D05BDE300B0DB25 /* Frameworks */ = {
			isa = PBXFrameworksBuildPhase;
			buildActionMask = 2147483647;
			files = (
			);
			runOnlyForDeploymentPostprocessing = 0;
		};
/* End PBXFrameworksBuildPhase section */

/* Begin PBXGroup section */
		5D23FAD21D05BDE300B0DB25 = {
			isa = PBXGroup;
			children = (
				5D23FADD1D05BDE300B0DB25 /* ObjectOrientedP */,
				5D23FADC1D05BDE300B0DB25 /* Products */,
			);
			sourceTree = "<group>";
		};
		5D23FADC1D05BDE300B0DB25 /* Products */ = {
			isa = PBXGroup;
			children = (
				5D23FADB1D05BDE300B0DB25 /* ObjectOrientedP */,
			);
			name = Products;
			sourceTree = "<group>";
		};
		5D23FADD1D05BDE300B0DB25 /* ObjectOrientedP */ = {
			isa = PBXGroup;
			children = (
				5D23FADE1D05BDE300B0DB25 /* main.m */,
				5D23FAE51D05BECB00B0DB25 /* Professor.h */,
				5D23FAE61D05BECB00B0DB25 /* Professor.m */,
				5D23FAE81D05BF8800B0DB25 /* MathProfessor.h */,
				5D23FAE91D05BF8800B0DB25 /* MathProfessor.m */,
				5D23FAEB1D05C1A600B0DB25 /* EnglishProfessor.h */,
				5D23FAEC1D05C1A600B0DB25 /* EnglishProfessor.m */,
				5D23FAEE1D05C1F100B0DB25 /* PhysicsProfessor.h */,
				5D23FAEF1D05C1F100B0DB25 /* PhysicsProfessor.m */,
			);
			path = ObjectOrientedP;
			sourceTree = "<group>";
		};
/* End PBXGroup section */

/* Begin PBXNativeTarget section */
		5D23FADA1D05BDE300B0DB25 /* ObjectOrientedP */ = {
			isa = PBXNativeTarget;
			buildConfigurationList = 5D23FAE21D05BDE300B0DB25 /* Build configuration list for PBXNativeTarget "ObjectOrientedP" */;
			buildPhases = (
				5D23FAD71D05BDE300B0DB25 /* Sources */,
				5D23FAD81D05BDE300B0DB25 /* Frameworks */,
				5D23FAD91D05BDE300B0DB25 /* CopyFiles */,
			);
			buildRules = (
			);
			dependencies = (
			);
			name = ObjectOrientedP;
			productName = ObjectOrientedP;
			productReference = 5D23FADB1D05BDE300B0DB25 /* ObjectOrientedP */;
			productType = "com.apple.product-type.tool";
		};
/* End PBXNativeTarget section */

/* Begin PBXProject section */
		5D23FAD31D05BDE300B0DB25 /* Project object */ = {
			isa = PBXProject;
			attributes = {
				LastUpgradeCheck = 0730;
				ORGANIZATIONNAME = calex;
				TargetAttributes = {
					5D23FADA1D05BDE300B0DB25 = {
						CreatedOnToolsVersion = 7.3.1;
					};
				};
			};
			buildConfigurationList = 5D23FAD61D05BDE300B0DB25 /* Build configuration list for PBXProject "ObjectOrientedP" */;
			compatibilityVersion = "Xcode 3.2";
			developmentRegion = English;
			hasScannedForEncodings = 0;
			knownRegions = (
				en,
			);
			mainGroup = 5D23FAD21D05BDE300B0DB25;
			productRefGroup = 5D23FADC1D05BDE300B0DB25 /* Products */;
			projectDirPath = "";
			projectRoot = "";
			targets = (
				5D23FADA1D05BDE300B0DB25 /* ObjectOrientedP */,
			);
		};
/* End PBXProject section */

/* Begin PBXSourcesBuildPhase section */
		5D23FAD71D05BDE300B0DB25 /* Sources */ = {
			isa = PBXSourcesBuildPhase;
			buildActionMask = 2147483647;
			files = (
				5D23FAF01D05C1F100B0DB25 /* PhysicsProfessor.m in Sources */,
				5D23FAEA1D05BF8800B0DB25 /* MathProfessor.m in Sources */,
				5D23FADF1D05BDE300B0DB25 /* main.m in Sources */,
				5D23FAED1D05C1A600B0DB25 /* EnglishProfessor.m in Sources */,
				5D23FAE71D05BECB00B0DB25 /* Professor.m in Sources */,
			);
			runOnlyForDeploymentPostprocessing = 0;
		};
/* End PBXSourcesBuildPhase section */

/* Begin XCBuildConfiguration section */
		5D23FAE01D05BDE300B0DB25 /* Debug */ = {
			isa = XCBuildConfiguration;
			buildSettings = {
				ALWAYS_SEARCH_USER_PATHS = NO;
				CLANG_ANALYZER_NONNULL = YES;
				CLANG_CXX_LANGUAGE_STANDARD = "gnu++0x";
				CLANG_CXX_LIBRARY = "libc++";
				CLANG_ENABLE_MODULES = YES;
				CLANG_ENABLE_OBJC_ARC = YES;
				CLANG_WARN_BOOL_CONVERSION = YES;
				CLANG_WARN_CONSTANT_CONVERSION = YES;
				CLANG_WARN_DIRECT_OBJC_ISA_USAGE = YES_ERROR;
				CLANG_WARN_EMPTY_BODY = YES;
				CLANG_WARN_ENUM_CONVERSION = YES;
				CLANG_WARN_INT_CONVERSION = YES;
				CLANG_WARN_OBJC_ROOT_CLASS = YES_ERROR;
				CLANG_WARN_UNREACHABLE_CODE = YES;
				CLANG_WARN__DUPLICATE_METHOD_MATCH = YES;
				CODE_SIGN_IDENTITY = "-";
				COPY_PHASE_STRIP = NO;
				DEBUG_INFORMATION_FORMAT = dwarf;
				ENABLE_STRICT_OBJC_MSGSEND = YES;
				ENABLE_TESTABILITY = YES;
				GCC_C_LANGUAGE_STANDARD = gnu99;
				GCC_DYNAMIC_NO_PIC = NO;
				GCC_NO_COMMON_BLOCKS = YES;
				GCC_OPTIMIZATION_LEVEL = 0;
				GCC_PREPROCESSOR_DEFINITIONS = (
					"DEBUG=1",
					"$(inherited)",
				);
				GCC_WARN_64_TO_32_BIT_CONVERSION = YES;
				GCC_WARN_ABOUT_RETURN_TYPE = YES_ERROR;
				GCC_WARN_UNDECLARED_SELECTOR = YES;
				GCC_WARN_UNINITIALIZED_AUTOS = YES_AGGRESSIVE;
				GCC_WARN_UNUSED_FUNCTION = YES;
				GCC_WARN_UNUSED_VARIABLE = YES;
				MACOSX_DEPLOYMENT_TARGET = 10.11;
				MTL_ENABLE_DEBUG_INFO = YES;
				ONLY_ACTIVE_ARCH = YES;
				SDKROOT = macosx;
			};
			name = Debug;
		};
		5D23FAE11D05BDE300B0DB25 /* Release */ = {
			isa = XCBuildConfiguration;
			buildSettings = {
				ALWAYS_SEARCH_USER_PATHS = NO;
				CLANG_ANALYZER_NONNULL = YES;
				CLANG_CXX_LANGUAGE_STANDARD = "gnu++0x";
				CLANG_CXX_LIBRARY = "libc++";
				CLANG_ENABLE_MODULES = YES;
				CLANG_ENABLE_OBJC_ARC = YES;
				CLANG_WARN_BOOL_CONVERSION = YES;
				CLANG_WARN_CONSTANT_CONVERSION = YES;
				CLANG_WARN_DIRECT_OBJC_ISA_USAGE = YES_ERROR;
				CLANG_WARN_EMPTY_BODY = YES;
				CLANG_WARN_ENUM_CONVERSION = YES;
				CLANG_WARN_INT_CONVERSION = YES;
				CLANG_WARN_OBJC_ROOT_CLASS = YES_ERROR;
				CLANG_WARN_UNREACHABLE_CODE = YES;
				CLANG_WARN__DUPLICATE_METHOD_MATCH = YES;
				CODE_SIGN_IDENTITY = "-";
				COPY_PHASE_STRIP = NO;
				DEBUG_INFORMATION_FORMAT = "dwarf-with-dsym";
				ENABLE_NS_ASSERTIONS = NO;
				ENABLE_STRICT_OBJC_MSGSEND = YES;
				GCC_C_LANGUAGE_STANDARD = gnu99;
				GCC_NO_COMMON_BLOCKS = YES;
				GCC_WARN_64_TO_32_BIT_CONVERSION = YES;
				GCC_WARN_ABOUT_RETURN_TYPE = YES_ERROR;
				GCC_WARN_UNDECLARED_SELECTOR = YES;
				GCC_WARN_UNINITIALIZED_AUTOS = YES_AGGRESSIVE;
				GCC_WARN_UNUSED_FUNCTION = YES;
				GCC_WARN_UNUSED_VARIABLE = YES;
				MACOSX_DEPLOYMENT_TARGET = 10.11;
				MTL_ENABLE_DEBUG_INFO = NO;
				SDKROOT = macosx;
			};
			name = Release;
		};
		5D23FAE31D05BDE300B0DB25 /* Debug */ = {
			isa = XCBuildConfiguration;
			buildSettings = {
				PRODUCT_NAME = "$(TARGET_NAME)";
			};
			name = Debug;
		};
		5D23FAE41D05BDE300B0DB25 /* Release */ = {
			isa = XCBuildConfiguration;
			buildSettings = {
				PRODUCT_NAME = "$(TARGET_NAME)";
			};
			name = Release;
		};
/* End XCBuildConfiguration section */

/* Begin XCConfigurationList section */
		5D23FAD61D05BDE300B0DB25 /* Build configuration list for PBXProject "ObjectOrientedP" */ = {
			isa = XCConfigurationList;
			buildConfigurations = (
				5D23FAE01D05BDE300B0DB25 /* Debug */,
				5D23FAE11D05BDE300B0DB25 /* Release */,
			);
			defaultConfigurationIsVisible = 0;
			defaultConfigurationName = Release;
		};
		5D23FAE21D05BDE300B0DB25 /* Build configuration list for PBXNativeTarget "ObjectOrientedP" */ = {
			isa = XCConfigurationList;
			buildConfigurations = (
				5D23FAE31D05BDE300B0DB25 /* Debug */,
				5D23FAE41D05BDE300B0DB25 /* Release */,
			);
			defaultConfigurationIsVisible = 0;
		};
/* End XCConfigurationList section */
	};
	rootObject = 5D23FAD31D05BDE300B0DB25 /* Project object */;
}
